
Microsoft Visual Studio Solution File, Format Version 12.00
# Visual Studio 15
VisualStudioVersion = 15.0.28010.2026
MinimumVisualStudioVersion = 10.0.40219.1
Project("{FAE04EC0-301F-11D3-BF4B-00C04F79EFBC}") = "Xadrez-Console", "Xadrez-Console\Xadrez-Console.csproj", "{7A3A117A-7927-47F5-ADE3-AB04749D8B53}"
EndProject
Global
	GlobalSection(SolutionConfigurationPlatforms) = preSolution
		Debug|Any CPU = Debug|Any CPU
		Release|Any CPU = Release|Any CPU
	EndGlobalSection
	GlobalSection(ProjectConfigurationPlatforms) = postSolution
		{7A3A117A-7927-47F5-ADE3-AB04749D8B53}.Debug|Any CPU.ActiveCfg = Debug|Any CPU
		{7A3A117A-7927-47F5-ADE3-AB04749D8B53}.Debug|Any CPU.Build.0 = Debug|Any CPU
		{7A3A117A-7927-47F5-ADE3-AB04749D8B53}.Release|Any CPU.ActiveCfg = Release|Any CPU
		{7A3A117A-7927-47F5-ADE3-AB04749D8B53}.Release|Any CPU.Build.0 = Release|Any CPU
	EndGlobalSection
	GlobalSection(SolutionProperties) = preSolution
		HideSolutionNode = FALSE
	EndGlobalSection
	GlobalSection(ExtensibilityGlobals) = postSolution
		SolutionGuid = {A4B19140-9965-41EB-91AA-E16AFD037C99}
	EndGlobalSection
EndGlobal
